// !$*UTF8*$!
{
	archiveVersion = 1;
	classes = {
	};
	objectVersion = 50;
	objects = {

/* Begin PBXBuildFile section */
		171655A438D35788D11F3183 /* Pods_Tesla.framework in Frameworks */ = {isa = PBXBuildFile; fileRef = 1E26C7A44C63DB5DCE42DB35 /* Pods_Tesla.framework */; };
		34FBC73C20E2424400935AE5 /* AppDelegate.swift in Sources */ = {isa = PBXBuildFile; fileRef = 34FBC73B20E2424400935AE5 /* AppDelegate.swift */; };
		34FBC73E20E2424400935AE5 /* ViewController.swift in Sources */ = {isa = PBXBuildFile; fileRef = 34FBC73D20E2424400935AE5 /* ViewController.swift */; };
		34FBC74120E2424400935AE5 /* Main.storyboard in Resources */ = {isa = PBXBuildFile; fileRef = 34FBC73F20E2424400935AE5 /* Main.storyboard */; };
		34FBC74320E2424500935AE5 /* Assets.xcassets in Resources */ = {isa = PBXBuildFile; fileRef = 34FBC74220E2424500935AE5 /* Assets.xcassets */; };
		34FBC74620E2424500935AE5 /* LaunchScreen.storyboard in Resources */ = {isa = PBXBuildFile; fileRef = 34FBC74420E2424500935AE5 /* LaunchScreen.storyboard */; };
		34FBC75120E2424500935AE5 /* TeslaTests.swift in Sources */ = {isa = PBXBuildFile; fileRef = 34FBC75020E2424500935AE5 /* TeslaTests.swift */; };
		34FBC75C20E2424500935AE5 /* TeslaUITests.swift in Sources */ = {isa = PBXBuildFile; fileRef = 34FBC75B20E2424500935AE5 /* TeslaUITests.swift */; };
		34FBC77220E24F3A00935AE5 /* GoogleService-Info.plist in Resources */ = {isa = PBXBuildFile; fileRef = 34FBC77120E24F3A00935AE5 /* GoogleService-Info.plist */; };
		5AA2F5D848EC34042121E4E4 /* Pods_TeslaTests.framework in Frameworks */ = {isa = PBXBuildFile; fileRef = E11D969F2639D27CDA880866 /* Pods_TeslaTests.framework */; };
		638A30FA81C2ABBD01900BA6 /* Pods_TeslaUITests.framework in Frameworks */ = {isa = PBXBuildFile; fileRef = EE1F10CD709CD7EF1D17BD4E /* Pods_TeslaUITests.framework */; };
/* End PBXBuildFile section */

/* Begin PBXContainerItemProxy section */
		34FBC74D20E2424500935AE5 /* PBXContainerItemProxy */ = {
			isa = PBXContainerItemProxy;
			containerPortal = 34FBC73020E2424300935AE5 /* Project object */;
			proxyType = 1;
			remoteGlobalIDString = 34FBC73720E2424300935AE5;
			remoteInfo = Tesla;
		};
		34FBC75820E2424500935AE5 /* PBXContainerItemProxy */ = {
			isa = PBXContainerItemProxy;
			containerPortal = 34FBC73020E2424300935AE5 /* Project object */;
			proxyType = 1;
			remoteGlobalIDString = 34FBC73720E2424300935AE5;
			remoteInfo = Tesla;
		};
/* End PBXContainerItemProxy section */

/* Begin PBXFileReference section */
		1E26C7A44C63DB5DCE42DB35 /* Pods_Tesla.framework */ = {isa = PBXFileReference; explicitFileType = wrapper.framework; includeInIndex = 0; path = Pods_Tesla.framework; sourceTree = BUILT_PRODUCTS_DIR; };
		34FBC73820E2424400935AE5 /* Tesla.app */ = {isa = PBXFileReference; explicitFileType = wrapper.application; includeInIndex = 0; path = Tesla.app; sourceTree = BUILT_PRODUCTS_DIR; };
		34FBC73B20E2424400935AE5 /* AppDelegate.swift */ = {isa = PBXFileReference; lastKnownFileType = sourcecode.swift; path = AppDelegate.swift; sourceTree = "<group>"; };
		34FBC73D20E2424400935AE5 /* ViewController.swift */ = {isa = PBXFileReference; lastKnownFileType = sourcecode.swift; path = ViewController.swift; sourceTree = "<group>"; };
		34FBC74020E2424400935AE5 /* Base */ = {isa = PBXFileReference; lastKnownFileType = file.storyboard; name = Base; path = Base.lproj/Main.storyboard; sourceTree = "<group>"; };
		34FBC74220E2424500935AE5 /* Assets.xcassets */ = {isa = PBXFileReference; lastKnownFileType = folder.assetcatalog; path = Assets.xcassets; sourceTree = "<group>"; };
		34FBC74520E2424500935AE5 /* Base */ = {isa = PBXFileReference; lastKnownFileType = file.storyboard; name = Base; path = Base.lproj/LaunchScreen.storyboard; sourceTree = "<group>"; };
		34FBC74720E2424500935AE5 /* Info.plist */ = {isa = PBXFileReference; lastKnownFileType = text.plist.xml; path = Info.plist; sourceTree = "<group>"; };
		34FBC74C20E2424500935AE5 /* TeslaTests.xctest */ = {isa = PBXFileReference; explicitFileType = wrapper.cfbundle; includeInIndex = 0; path = TeslaTests.xctest; sourceTree = BUILT_PRODUCTS_DIR; };
		34FBC75020E2424500935AE5 /* TeslaTests.swift */ = {isa = PBXFileReference; lastKnownFileType = sourcecode.swift; path = TeslaTests.swift; sourceTree = "<group>"; };
		34FBC75220E2424500935AE5 /* Info.plist */ = {isa = PBXFileReference; lastKnownFileType = text.plist.xml; path = Info.plist; sourceTree = "<group>"; };
		34FBC75720E2424500935AE5 /* TeslaUITests.xctest */ = {isa = PBXFileReference; explicitFileType = wrapper.cfbundle; includeInIndex = 0; path = TeslaUITests.xctest; sourceTree = BUILT_PRODUCTS_DIR; };
		34FBC75B20E2424500935AE5 /* TeslaUITests.swift */ = {isa = PBXFileReference; lastKnownFileType = sourcecode.swift; path = TeslaUITests.swift; sourceTree = "<group>"; };
		34FBC75D20E2424500935AE5 /* Info.plist */ = {isa = PBXFileReference; lastKnownFileType = text.plist.xml; path = Info.plist; sourceTree = "<group>"; };
		34FBC77120E24F3A00935AE5 /* GoogleService-Info.plist */ = {isa = PBXFileReference; fileEncoding = 4; lastKnownFileType = text.plist.xml; path = "GoogleService-Info.plist"; sourceTree = "<group>"; };
		355BB1FF58B9212818C4BA9A /* Pods-TeslaUITests.debug.xcconfig */ = {isa = PBXFileReference; includeInIndex = 1; lastKnownFileType = text.xcconfig; name = "Pods-TeslaUITests.debug.xcconfig"; path = "Pods/Target Support Files/Pods-TeslaUITests/Pods-TeslaUITests.debug.xcconfig"; sourceTree = "<group>"; };
		5BA31A304A1CE8C220FF993B /* Pods-Tesla.release.xcconfig */ = {isa = PBXFileReference; includeInIndex = 1; lastKnownFileType = text.xcconfig; name = "Pods-Tesla.release.xcconfig"; path = "Pods/Target Support Files/Pods-Tesla/Pods-Tesla.release.xcconfig"; sourceTree = "<group>"; };
		94AB0519166DDE5EF07FE43C /* Pods-TeslaUITests.release.xcconfig */ = {isa = PBXFileReference; includeInIndex = 1; lastKnownFileType = text.xcconfig; name = "Pods-TeslaUITests.release.xcconfig"; path = "Pods/Target Support Files/Pods-TeslaUITests/Pods-TeslaUITests.release.xcconfig"; sourceTree = "<group>"; };
		A227D3ACB3BBE7D9B9CB2E42 /* Pods-Tesla.debug.xcconfig */ = {isa = PBXFileReference; includeInIndex = 1; lastKnownFileType = text.xcconfig; name = "Pods-Tesla.debug.xcconfig"; path = "Pods/Target Support Files/Pods-Tesla/Pods-Tesla.debug.xcconfig"; sourceTree = "<group>"; };
		CEF0A591504A1524381ED7B4 /* Pods-TeslaTests.release.xcconfig */ = {isa = PBXFileReference; includeInIndex = 1; lastKnownFileType = text.xcconfig; name = "Pods-TeslaTests.release.xcconfig"; path = "Pods/Target Support Files/Pods-TeslaTests/Pods-TeslaTests.release.xcconfig"; sourceTree = "<group>"; };
		E11D969F2639D27CDA880866 /* Pods_TeslaTests.framework */ = {isa = PBXFileReference; explicitFileType = wrapper.framework; includeInIndex = 0; path = Pods_TeslaTests.framework; sourceTree = BUILT_PRODUCTS_DIR; };
		EE1F10CD709CD7EF1D17BD4E /* Pods_TeslaUITests.framework */ = {isa = PBXFileReference; explicitFileType = wrapper.framework; includeInIndex = 0; path = Pods_TeslaUITests.framework; sourceTree = BUILT_PRODUCTS_DIR; };
		FE7749B33AC039085C79AB11 /* Pods-TeslaTests.debug.xcconfig */ = {isa = PBXFileReference; includeInIndex = 1; lastKnownFileType = text.xcconfig; name = "Pods-TeslaTests.debug.xcconfig"; path = "Pods/Target Support Files/Pods-TeslaTests/Pods-TeslaTests.debug.xcconfig"; sourceTree = "<group>"; };
/* End PBXFileReference section */

/* Begin PBXFrameworksBuildPhase section */
		34FBC73520E2424300935AE5 /* Frameworks */ = {
			isa = PBXFrameworksBuildPhase;
			buildActionMask = 2147483647;
			files = (
				171655A438D35788D11F3183 /* Pods_Tesla.framework in Frameworks */,
			);
			runOnlyForDeploymentPostprocessing = 0;
		};
		34FBC74920E2424500935AE5 /* Frameworks */ = {
			isa = PBXFrameworksBuildPhase;
			buildActionMask = 2147483647;
			files = (
				5AA2F5D848EC34042121E4E4 /* Pods_TeslaTests.framework in Frameworks */,
			);
			runOnlyForDeploymentPostprocessing = 0;
		};
		34FBC75420E2424500935AE5 /* Frameworks */ = {
			isa = PBXFrameworksBuildPhase;
			buildActionMask = 2147483647;
			files = (
				638A30FA81C2ABBD01900BA6 /* Pods_TeslaUITests.framework in Frameworks */,
			);
			runOnlyForDeploymentPostprocessing = 0;
		};
/* End PBXFrameworksBuildPhase section */

/* Begin PBXGroup section */
		1CE3F2B34DB38185774E9371 /* Pods */ = {
			isa = PBXGroup;
			children = (
				A227D3ACB3BBE7D9B9CB2E42 /* Pods-Tesla.debug.xcconfig */,
				5BA31A304A1CE8C220FF993B /* Pods-Tesla.release.xcconfig */,
				FE7749B33AC039085C79AB11 /* Pods-TeslaTests.debug.xcconfig */,
				CEF0A591504A1524381ED7B4 /* Pods-TeslaTests.release.xcconfig */,
				355BB1FF58B9212818C4BA9A /* Pods-TeslaUITests.debug.xcconfig */,
				94AB0519166DDE5EF07FE43C /* Pods-TeslaUITests.release.xcconfig */,
			);
			name = Pods;
			sourceTree = "<group>";
		};
		34FBC72F20E2424300935AE5 = {
			isa = PBXGroup;
			children = (
				34FBC73A20E2424400935AE5 /* Tesla */,
				34FBC74F20E2424500935AE5 /* TeslaTests */,
				34FBC75A20E2424500935AE5 /* TeslaUITests */,
				34FBC73920E2424400935AE5 /* Products */,
				1CE3F2B34DB38185774E9371 /* Pods */,
				FB15861B0FAE4EF622FF9A86 /* Frameworks */,
			);
			sourceTree = "<group>";
		};
		34FBC73920E2424400935AE5 /* Products */ = {
			isa = PBXGroup;
			children = (
				34FBC73820E2424400935AE5 /* Tesla.app */,
				34FBC74C20E2424500935AE5 /* TeslaTests.xctest */,
				34FBC75720E2424500935AE5 /* TeslaUITests.xctest */,
			);
			name = Products;
			sourceTree = "<group>";
		};
		34FBC73A20E2424400935AE5 /* Tesla */ = {
			isa = PBXGroup;
			children = (
				34FBC76F20E2454900935AE5 /* Delegates */,
				34FBC77020E245CF00935AE5 /* Protocols */,
				34FBC76C20E2451500935AE5 /* Models */,
				34FBC76D20E2451E00935AE5 /* Views */,
				34FBC76E20E2452700935AE5 /* Controllers */,
				34FBC76B20E244F700935AE5 /* Storyboards */,
				34FBC76920E244B600935AE5 /* Resources */,
				34FBC76A20E244C500935AE5 /* Supporting Files */,
			);
			path = Tesla;
			sourceTree = "<group>";
		};
		34FBC74F20E2424500935AE5 /* TeslaTests */ = {
			isa = PBXGroup;
			children = (
				34FBC75020E2424500935AE5 /* TeslaTests.swift */,
				34FBC75220E2424500935AE5 /* Info.plist */,
			);
			path = TeslaTests;
			sourceTree = "<group>";
		};
		34FBC75A20E2424500935AE5 /* TeslaUITests */ = {
			isa = PBXGroup;
			children = (
				34FBC75B20E2424500935AE5 /* TeslaUITests.swift */,
				34FBC75D20E2424500935AE5 /* Info.plist */,
			);
			path = TeslaUITests;
			sourceTree = "<group>";
		};
		34FBC76920E244B600935AE5 /* Resources */ = {
			isa = PBXGroup;
			children = (
				34FBC74220E2424500935AE5 /* Assets.xcassets */,
			);
			path = Resources;
			sourceTree = "<group>";
		};
		34FBC76A20E244C500935AE5 /* Supporting Files */ = {
			isa = PBXGroup;
			children = (
				34FBC74720E2424500935AE5 /* Info.plist */,
				34FBC77120E24F3A00935AE5 /* GoogleService-Info.plist */,
			);
			path = "Supporting Files";
			sourceTree = "<group>";
		};
		34FBC76B20E244F700935AE5 /* Storyboards */ = {
			isa = PBXGroup;
			children = (
				34FBC73F20E2424400935AE5 /* Main.storyboard */,
				34FBC74420E2424500935AE5 /* LaunchScreen.storyboard */,
			);
			path = Storyboards;
			sourceTree = "<group>";
		};
		34FBC76C20E2451500935AE5 /* Models */ = {
			isa = PBXGroup;
			children = (
			);
			path = Models;
			sourceTree = "<group>";
		};
		34FBC76D20E2451E00935AE5 /* Views */ = {
			isa = PBXGroup;
			children = (
			);
			path = Views;
			sourceTree = "<group>";
		};
		34FBC76E20E2452700935AE5 /* Controllers */ = {
			isa = PBXGroup;
			children = (
				34FBC73D20E2424400935AE5 /* ViewController.swift */,
			);
			path = Controllers;
			sourceTree = "<group>";
		};
		34FBC76F20E2454900935AE5 /* Delegates */ = {
			isa = PBXGroup;
			children = (
				34FBC73B20E2424400935AE5 /* AppDelegate.swift */,
			);
			path = Delegates;
			sourceTree = "<group>";
		};
		34FBC77020E245CF00935AE5 /* Protocols */ = {
			isa = PBXGroup;
			children = (
			);
			path = Protocols;
			sourceTree = "<group>";
		};
		FB15861B0FAE4EF622FF9A86 /* Frameworks */ = {
			isa = PBXGroup;
			children = (
				1E26C7A44C63DB5DCE42DB35 /* Pods_Tesla.framework */,
				E11D969F2639D27CDA880866 /* Pods_TeslaTests.framework */,
				EE1F10CD709CD7EF1D17BD4E /* Pods_TeslaUITests.framework */,
			);
			name = Frameworks;
			sourceTree = "<group>";
		};
/* End PBXGroup section */

/* Begin PBXNativeTarget section */
		34FBC73720E2424300935AE5 /* Tesla */ = {
			isa = PBXNativeTarget;
			buildConfigurationList = 34FBC76020E2424500935AE5 /* Build configuration list for PBXNativeTarget "Tesla" */;
			buildPhases = (
				5103B6F8021401CF98FB96DE /* [CP] Check Pods Manifest.lock */,
				34FBC73420E2424300935AE5 /* Sources */,
				34FBC73520E2424300935AE5 /* Frameworks */,
				34FBC73620E2424300935AE5 /* Resources */,
				A63290C7C722E95D58496043 /* [CP] Embed Pods Frameworks */,
			);
			buildRules = (
			);
			dependencies = (
			);
			name = Tesla;
			productName = Tesla;
			productReference = 34FBC73820E2424400935AE5 /* Tesla.app */;
			productType = "com.apple.product-type.application";
		};
		34FBC74B20E2424500935AE5 /* TeslaTests */ = {
			isa = PBXNativeTarget;
			buildConfigurationList = 34FBC76320E2424500935AE5 /* Build configuration list for PBXNativeTarget "TeslaTests" */;
			buildPhases = (
				8078F963BDA6634123ED23BC /* [CP] Check Pods Manifest.lock */,
				34FBC74820E2424500935AE5 /* Sources */,
				34FBC74920E2424500935AE5 /* Frameworks */,
				34FBC74A20E2424500935AE5 /* Resources */,
			);
			buildRules = (
			);
			dependencies = (
				34FBC74E20E2424500935AE5 /* PBXTargetDependency */,
			);
			name = TeslaTests;
			productName = TeslaTests;
			productReference = 34FBC74C20E2424500935AE5 /* TeslaTests.xctest */;
			productType = "com.apple.product-type.bundle.unit-test";
		};
		34FBC75620E2424500935AE5 /* TeslaUITests */ = {
			isa = PBXNativeTarget;
			buildConfigurationList = 34FBC76620E2424500935AE5 /* Build configuration list for PBXNativeTarget "TeslaUITests" */;
			buildPhases = (
				F9459ADB02F2099FED344A2D /* [CP] Check Pods Manifest.lock */,
				34FBC75320E2424500935AE5 /* Sources */,
				34FBC75420E2424500935AE5 /* Frameworks */,
				34FBC75520E2424500935AE5 /* Resources */,
			);
			buildRules = (
			);
			dependencies = (
				34FBC75920E2424500935AE5 /* PBXTargetDependency */,
			);
			name = TeslaUITests;
			productName = TeslaUITests;
			productReference = 34FBC75720E2424500935AE5 /* TeslaUITests.xctest */;
			productType = "com.apple.product-type.bundle.ui-testing";
		};
/* End PBXNativeTarget section */

/* Begin PBXProject section */
		34FBC73020E2424300935AE5 /* Project object */ = {
			isa = PBXProject;
			attributes = {
				LastSwiftUpdateCheck = 0940;
				LastUpgradeCheck = 0940;
				ORGANIZATIONNAME = Ronan;
				TargetAttributes = {
					34FBC73720E2424300935AE5 = {
						CreatedOnToolsVersion = 9.4.1;
					};
					34FBC74B20E2424500935AE5 = {
						CreatedOnToolsVersion = 9.4.1;
						TestTargetID = 34FBC73720E2424300935AE5;
					};
					34FBC75620E2424500935AE5 = {
						CreatedOnToolsVersion = 9.4.1;
						TestTargetID = 34FBC73720E2424300935AE5;
					};
				};
			};
			buildConfigurationList = 34FBC73320E2424300935AE5 /* Build configuration list for PBXProject "Tesla" */;
			compatibilityVersion = "Xcode 9.3";
			developmentRegion = en;
			hasScannedForEncodings = 0;
			knownRegions = (
				en,
				Base,
			);
			mainGroup = 34FBC72F20E2424300935AE5;
			productRefGroup = 34FBC73920E2424400935AE5 /* Products */;
			projectDirPath = "";
			projectRoot = "";
			targets = (
				34FBC73720E2424300935AE5 /* Tesla */,
				34FBC74B20E2424500935AE5 /* TeslaTests */,
				34FBC75620E2424500935AE5 /* TeslaUITests */,
			);
		};
/* End PBXProject section */

/* Begin PBXResourcesBuildPhase section */
		34FBC73620E2424300935AE5 /* Resources */ = {
			isa = PBXResourcesBuildPhase;
			buildActionMask = 2147483647;
			files = (
				34FBC74620E2424500935AE5 /* LaunchScreen.storyboard in Resources */,
				34FBC77220E24F3A00935AE5 /* GoogleService-Info.plist in Resources */,
				34FBC74320E2424500935AE5 /* Assets.xcassets in Resources */,
				34FBC74120E2424400935AE5 /* Main.storyboard in Resources */,
			);
			runOnlyForDeploymentPostprocessing = 0;
		};
		34FBC74A20E2424500935AE5 /* Resources */ = {
			isa = PBXResourcesBuildPhase;
			buildActionMask = 2147483647;
			files = (
			);
			runOnlyForDeploymentPostprocessing = 0;
		};
		34FBC75520E2424500935AE5 /* Resources */ = {
			isa = PBXResourcesBuildPhase;
			buildActionMask = 2147483647;
			files = (
			);
			runOnlyForDeploymentPostprocessing = 0;
		};
/* End PBXResourcesBuildPhase section */

/* Begin PBXShellScriptBuildPhase section */
		5103B6F8021401CF98FB96DE /* [CP] Check Pods Manifest.lock */ = {
			isa = PBXShellScriptBuildPhase;
			buildActionMask = 2147483647;
			files = (
			);
			inputPaths = (
				"${PODS_PODFILE_DIR_PATH}/Podfile.lock",
				"${PODS_ROOT}/Manifest.lock",
			);
			name = "[CP] Check Pods Manifest.lock";
			outputPaths = (
				"$(DERIVED_FILE_DIR)/Pods-Tesla-checkManifestLockResult.txt",
			);
			runOnlyForDeploymentPostprocessing = 0;
			shellPath = /bin/sh;
			shellScript = "diff \"${PODS_PODFILE_DIR_PATH}/Podfile.lock\" \"${PODS_ROOT}/Manifest.lock\" > /dev/null\nif [ $? != 0 ] ; then\n    # print error to STDERR\n    echo \"error: The sandbox is not in sync with the Podfile.lock. Run 'pod install' or update your CocoaPods installation.\" >&2\n    exit 1\nfi\n# This output is used by Xcode 'outputs' to avoid re-running this script phase.\necho \"SUCCESS\" > \"${SCRIPT_OUTPUT_FILE_0}\"\n";
			showEnvVarsInLog = 0;
		};
		8078F963BDA6634123ED23BC /* [CP] Check Pods Manifest.lock */ = {
			isa = PBXShellScriptBuildPhase;
			buildActionMask = 2147483647;
			files = (
			);
			inputPaths = (
				"${PODS_PODFILE_DIR_PATH}/Podfile.lock",
				"${PODS_ROOT}/Manifest.lock",
			);
			name = "[CP] Check Pods Manifest.lock";
			outputPaths = (
				"$(DERIVED_FILE_DIR)/Pods-TeslaTests-checkManifestLockResult.txt",
			);
			runOnlyForDeploymentPostprocessing = 0;
			shellPath = /bin/sh;
			shellScript = "diff \"${PODS_PODFILE_DIR_PATH}/Podfile.lock\" \"${PODS_ROOT}/Manifest.lock\" > /dev/null\nif [ $? != 0 ] ; then\n    # print error to STDERR\n    echo \"error: The sandbox is not in sync with the Podfile.lock. Run 'pod install' or update your CocoaPods installation.\" >&2\n    exit 1\nfi\n# This output is used by Xcode 'outputs' to avoid re-running this script phase.\necho \"SUCCESS\" > \"${SCRIPT_OUTPUT_FILE_0}\"\n";
			showEnvVarsInLog = 0;
		};
		A63290C7C722E95D58496043 /* [CP] Embed Pods Frameworks */ = {
			isa = PBXShellScriptBuildPhase;
			buildActionMask = 2147483647;
			files = (
			);
			inputPaths = (
				"${SRCROOT}/Pods/Target Support Files/Pods-Tesla/Pods-Tesla-frameworks.sh",
				"${BUILT_PRODUCTS_DIR}/GoogleToolboxForMac/GoogleToolboxForMac.framework",
				"${BUILT_PRODUCTS_DIR}/RxCocoa/RxCocoa.framework",
				"${BUILT_PRODUCTS_DIR}/RxSwift/RxSwift.framework",
				"${BUILT_PRODUCTS_DIR}/SnapKit/SnapKit.framework",
				"${BUILT_PRODUCTS_DIR}/nanopb/nanopb.framework",
			);
			name = "[CP] Embed Pods Frameworks";
			outputPaths = (
				"${TARGET_BUILD_DIR}/${FRAMEWORKS_FOLDER_PATH}/GoogleToolboxForMac.framework",
				"${TARGET_BUILD_DIR}/${FRAMEWORKS_FOLDER_PATH}/RxCocoa.framework",
				"${TARGET_BUILD_DIR}/${FRAMEWORKS_FOLDER_PATH}/RxSwift.framework",
				"${TARGET_BUILD_DIR}/${FRAMEWORKS_FOLDER_PATH}/SnapKit.framework",
				"${TARGET_BUILD_DIR}/${FRAMEWORKS_FOLDER_PATH}/nanopb.framework",
			);
			runOnlyForDeploymentPostprocessing = 0;
			shellPath = /bin/sh;
			shellScript = "\"${SRCROOT}/Pods/Target Support Files/Pods-Tesla/Pods-Tesla-frameworks.sh\"\n";
			showEnvVarsInLog = 0;
		};
		F9459ADB02F2099FED344A2D /* [CP] Check Pods Manifest.lock */ = {
			isa = PBXShellScriptBuildPhase;
			buildActionMask = 2147483647;
			files = (
			);
			inputPaths = (
				"${PODS_PODFILE_DIR_PATH}/Podfile.lock",
				"${PODS_ROOT}/Manifest.lock",
			);
			name = "[CP] Check Pods Manifest.lock";
			outputPaths = (
				"$(DERIVED_FILE_DIR)/Pods-TeslaUITests-checkManifestLockResult.txt",
			);
			runOnlyForDeploymentPostprocessing = 0;
			shellPath = /bin/sh;
			shellScript = "diff \"${PODS_PODFILE_DIR_PATH}/Podfile.lock\" \"${PODS_ROOT}/Manifest.lock\" > /dev/null\nif [ $? != 0 ] ; then\n    # print error to STDERR\n    echo \"error: The sandbox is not in sync with the Podfile.lock. Run 'pod install' or update your CocoaPods installation.\" >&2\n    exit 1\nfi\n# This output is used by Xcode 'outputs' to avoid re-running this script phase.\necho \"SUCCESS\" > \"${SCRIPT_OUTPUT_FILE_0}\"\n";
			showEnvVarsInLog = 0;
		};
/* End PBXShellScriptBuildPhase section */

/* Begin PBXSourcesBuildPhase section */
		34FBC73420E2424300935AE5 /* Sources */ = {
			isa = PBXSourcesBuildPhase;
			buildActionMask = 2147483647;
			files = (
				34FBC73E20E2424400935AE5 /* ViewController.swift in Sources */,
				34FBC73C20E2424400935AE5 /* AppDelegate.swift in Sources */,
			);
			runOnlyForDeploymentPostprocessing = 0;
		};
		34FBC74820E2424500935AE5 /* Sources */ = {
			isa = PBXSourcesBuildPhase;
			buildActionMask = 2147483647;
			files = (
				34FBC75120E2424500935AE5 /* TeslaTests.swift in Sources */,
			);
			runOnlyForDeploymentPostprocessing = 0;
		};
		34FBC75320E2424500935AE5 /* Sources */ = {
			isa = PBXSourcesBuildPhase;
			buildActionMask = 2147483647;
			files = (
				34FBC75C20E2424500935AE5 /* TeslaUITests.swift in Sources */,
			);
			runOnlyForDeploymentPostprocessing = 0;
		};
/* End PBXSourcesBuildPhase section */

/* Begin PBXTargetDependency section */
		34FBC74E20E2424500935AE5 /* PBXTargetDependency */ = {
			isa = PBXTargetDependency;
			target = 34FBC73720E2424300935AE5 /* Tesla */;
			targetProxy = 34FBC74D20E2424500935AE5 /* PBXContainerItemProxy */;
		};
		34FBC75920E2424500935AE5 /* PBXTargetDependency */ = {
			isa = PBXTargetDependency;
			target = 34FBC73720E2424300935AE5 /* Tesla */;
			targetProxy = 34FBC75820E2424500935AE5 /* PBXContainerItemProxy */;
		};
/* End PBXTargetDependency section */

/* Begin PBXVariantGroup section */
		34FBC73F20E2424400935AE5 /* Main.storyboard */ = {
			isa = PBXVariantGroup;
			children = (
				34FBC74020E2424400935AE5 /* Base */,
			);
			name = Main.storyboard;
			sourceTree = "<group>";
		};
		34FBC74420E2424500935AE5 /* LaunchScreen.storyboard */ = {
			isa = PBXVariantGroup;
			children = (
				34FBC74520E2424500935AE5 /* Base */,
			);
			name = LaunchScreen.storyboard;
			sourceTree = "<group>";
		};
/* End PBXVariantGroup section */

/* Begin XCBuildConfiguration section */
		34FBC75E20E2424500935AE5 /* Debug */ = {
			isa = XCBuildConfiguration;
			buildSettings = {
				ALWAYS_SEARCH_USER_PATHS = NO;
				CLANG_ANALYZER_NONNULL = YES;
				CLANG_ANALYZER_NUMBER_OBJECT_CONVERSION = YES_AGGRESSIVE;
				CLANG_CXX_LANGUAGE_STANDARD = "gnu++14";
				CLANG_CXX_LIBRARY = "libc++";
				CLANG_ENABLE_MODULES = YES;
				CLANG_ENABLE_OBJC_ARC = YES;
				CLANG_ENABLE_OBJC_WEAK = YES;
				CLANG_WARN_BLOCK_CAPTURE_AUTORELEASING = YES;
				CLANG_WARN_BOOL_CONVERSION = YES;
				CLANG_WARN_COMMA = YES;
				CLANG_WARN_CONSTANT_CONVERSION = YES;
				CLANG_WARN_DEPRECATED_OBJC_IMPLEMENTATIONS = YES;
				CLANG_WARN_DIRECT_OBJC_ISA_USAGE = YES_ERROR;
				CLANG_WARN_DOCUMENTATION_COMMENTS = YES;
				CLANG_WARN_EMPTY_BODY = YES;
				CLANG_WARN_ENUM_CONVERSION = YES;
				CLANG_WARN_INFINITE_RECURSION = YES;
				CLANG_WARN_INT_CONVERSION = YES;
				CLANG_WARN_NON_LITERAL_NULL_CONVERSION = YES;
				CLANG_WARN_OBJC_IMPLICIT_RETAIN_SELF = YES;
				CLANG_WARN_OBJC_LITERAL_CONVERSION = YES;
				CLANG_WARN_OBJC_ROOT_CLASS = YES_ERROR;
				CLANG_WARN_RANGE_LOOP_ANALYSIS = YES;
				CLANG_WARN_STRICT_PROTOTYPES = YES;
				CLANG_WARN_SUSPICIOUS_MOVE = YES;
				CLANG_WARN_UNGUARDED_AVAILABILITY = YES_AGGRESSIVE;
				CLANG_WARN_UNREACHABLE_CODE = YES;
				CLANG_WARN__DUPLICATE_METHOD_MATCH = YES;
				CODE_SIGN_IDENTITY = "iPhone Developer";
				COPY_PHASE_STRIP = NO;
				DEBUG_INFORMATION_FORMAT = dwarf;
				ENABLE_STRICT_OBJC_MSGSEND = YES;
				ENABLE_TESTABILITY = YES;
				GCC_C_LANGUAGE_STANDARD = gnu11;
				GCC_DYNAMIC_NO_PIC = NO;
				GCC_NO_COMMON_BLOCKS = YES;
				GCC_OPTIMIZATION_LEVEL = 0;
				GCC_PREPROCESSOR_DEFINITIONS = (
					"DEBUG=1",
					"$(inherited)",
				);
				GCC_WARN_64_TO_32_BIT_CONVERSION = YES;
				GCC_WARN_ABOUT_RETURN_TYPE = YES_ERROR;
				GCC_WARN_UNDECLARED_SELECTOR = YES;
				GCC_WARN_UNINITIALIZED_AUTOS = YES_AGGRESSIVE;
				GCC_WARN_UNUSED_FUNCTION = YES;
				GCC_WARN_UNUSED_VARIABLE = YES;
				IPHONEOS_DEPLOYMENT_TARGET = 11.4;
				MTL_ENABLE_DEBUG_INFO = YES;
				ONLY_ACTIVE_ARCH = YES;
				SDKROOT = iphoneos;
				SWIFT_ACTIVE_COMPILATION_CONDITIONS = DEBUG;
				SWIFT_OPTIMIZATION_LEVEL = "-Onone";
			};
			name = Debug;
		};
		34FBC75F20E2424500935AE5 /* Release */ = {
			isa = XCBuildConfiguration;
			buildSettings = {
				ALWAYS_SEARCH_USER_PATHS = NO;
				CLANG_ANALYZER_NONNULL = YES;
				CLANG_ANALYZER_NUMBER_OBJECT_CONVERSION = YES_AGGRESSIVE;
				CLANG_CXX_LANGUAGE_STANDARD = "gnu++14";
				CLANG_CXX_LIBRARY = "libc++";
				CLANG_ENABLE_MODULES = YES;
				CLANG_ENABLE_OBJC_ARC = YES;
				CLANG_ENABLE_OBJC_WEAK = YES;
				CLANG_WARN_BLOCK_CAPTURE_AUTORELEASING = YES;
				CLANG_WARN_BOOL_CONVERSION = YES;
				CLANG_WARN_COMMA = YES;
				CLANG_WARN_CONSTANT_CONVERSION = YES;
				CLANG_WARN_DEPRECATED_OBJC_IMPLEMENTATIONS = YES;
				CLANG_WARN_DIRECT_OBJC_ISA_USAGE = YES_ERROR;
				CLANG_WARN_DOCUMENTATION_COMMENTS = YES;
				CLANG_WARN_EMPTY_BODY = YES;
				CLANG_WARN_ENUM_CONVERSION = YES;
				CLANG_WARN_INFINITE_RECURSION = YES;
				CLANG_WARN_INT_CONVERSION = YES;
				CLANG_WARN_NON_LITERAL_NULL_CONVERSION = YES;
				CLANG_WARN_OBJC_IMPLICIT_RETAIN_SELF = YES;
				CLANG_WARN_OBJC_LITERAL_CONVERSION = YES;
				CLANG_WARN_OBJC_ROOT_CLASS = YES_ERROR;
				CLANG_WARN_RANGE_LOOP_ANALYSIS = YES;
				CLANG_WARN_STRICT_PROTOTYPES = YES;
				CLANG_WARN_SUSPICIOUS_MOVE = YES;
				CLANG_WARN_UNGUARDED_AVAILABILITY = YES_AGGRESSIVE;
				CLANG_WARN_UNREACHABLE_CODE = YES;
				CLANG_WARN__DUPLICATE_METHOD_MATCH = YES;
				CODE_SIGN_IDENTITY = "iPhone Developer";
				COPY_PHASE_STRIP = NO;
				DEBUG_INFORMATION_FORMAT = "dwarf-with-dsym";
				ENABLE_NS_ASSERTIONS = NO;
				ENABLE_STRICT_OBJC_MSGSEND = YES;
				GCC_C_LANGUAGE_STANDARD = gnu11;
				GCC_NO_COMMON_BLOCKS = YES;
				GCC_WARN_64_TO_32_BIT_CONVERSION = YES;
				GCC_WARN_ABOUT_RETURN_TYPE = YES_ERROR;
				GCC_WARN_UNDECLARED_SELECTOR = YES;
				GCC_WARN_UNINITIALIZED_AUTOS = YES_AGGRESSIVE;
				GCC_WARN_UNUSED_FUNCTION = YES;
				GCC_WARN_UNUSED_VARIABLE = YES;
				IPHONEOS_DEPLOYMENT_TARGET = 11.4;
				MTL_ENABLE_DEBUG_INFO = NO;
				SDKROOT = iphoneos;
				SWIFT_COMPILATION_MODE = wholemodule;
				SWIFT_OPTIMIZATION_LEVEL = "-O";
				VALIDATE_PRODUCT = YES;
			};
			name = Release;
		};
		34FBC76120E2424500935AE5 /* Debug */ = {
			isa = XCBuildConfiguration;
			baseConfigurationReference = A227D3ACB3BBE7D9B9CB2E42 /* Pods-Tesla.debug.xcconfig */;
			buildSettings = {
				ASSETCATALOG_COMPILER_APPICON_NAME = AppIcon;
				CODE_SIGN_STYLE = Automatic;
				DEVELOPMENT_TEAM = 6SB824SJ7Y;
				INFOPLIST_FILE = "$(SRCROOT)/Tesla/Supporting Files/Info.plist";
				IPHONEOS_DEPLOYMENT_TARGET = 9.0;
				LD_RUNPATH_SEARCH_PATHS = "$(inherited) @executable_path/Frameworks";
				PRODUCT_BUNDLE_IDENTIFIER = com.ronansparks.Tesla;
				PRODUCT_NAME = "$(TARGET_NAME)";
				SWIFT_VERSION = 4.0;
				TARGETED_DEVICE_FAMILY = 1;
			};
			name = Debug;
		};
		34FBC76220E2424500935AE5 /* Release */ = {
			isa = XCBuildConfiguration;
			baseConfigurationReference = 5BA31A304A1CE8C220FF993B /* Pods-Tesla.release.xcconfig */;
			buildSettings = {
				ASSETCATALOG_COMPILER_APPICON_NAME = AppIcon;
				CODE_SIGN_STYLE = Automatic;
				DEVELOPMENT_TEAM = 6SB824SJ7Y;
				INFOPLIST_FILE = "$(SRCROOT)/Tesla/Supporting Files/Info.plist";
				IPHONEOS_DEPLOYMENT_TARGET = 9.0;
				LD_RUNPATH_SEARCH_PATHS = "$(inherited) @executable_path/Frameworks";
				PRODUCT_BUNDLE_IDENTIFIER = com.ronansparks.Tesla;
				PRODUCT_NAME = "$(TARGET_NAME)";
				SWIFT_VERSION = 4.0;
				TARGETED_DEVICE_FAMILY = 1;
			};
			name = Release;
		};
		34FBC76420E2424500935AE5 /* Debug */ = {
			isa = XCBuildConfiguration;
			baseConfigurationReference = FE7749B33AC039085C79AB11 /* Pods-TeslaTests.debug.xcconfig */;
			buildSettings = {
				ALWAYS_EMBED_SWIFT_STANDARD_LIBRARIES = YES;
				BUNDLE_LOADER = "$(TEST_HOST)";
				CODE_SIGN_STYLE = Automatic;
				DEVELOPMENT_TEAM = 6SB824SJ7Y;
				INFOPLIST_FILE = TeslaTests/Info.plist;
				LD_RUNPATH_SEARCH_PATHS = "$(inherited) @executable_path/Frameworks @loader_path/Frameworks";
				PRODUCT_BUNDLE_IDENTIFIER = com.ronansparks.TeslaTests;
				PRODUCT_NAME = "$(TARGET_NAME)";
				SWIFT_VERSION = 4.0;
				TARGETED_DEVICE_FAMILY = "1,2";
				TEST_HOST = "$(BUILT_PRODUCTS_DIR)/Tesla.app/Tesla";
			};
			name = Debug;
		};
		34FBC76520E2424500935AE5 /* Release */ = {
			isa = XCBuildConfiguration;
			baseConfigurationReference = CEF0A591504A1524381ED7B4 /* Pods-TeslaTests.release.xcconfig */;
			buildSettings = {
				ALWAYS_EMBED_SWIFT_STANDARD_LIBRARIES = YES;
				BUNDLE_LOADER = "$(TEST_HOST)";
				CODE_SIGN_STYLE = Automatic;
				DEVELOPMENT_TEAM = 6SB824SJ7Y;
				INFOPLIST_FILE = TeslaTests/Info.plist;
				LD_RUNPATH_SEARCH_PATHS = "$(inherited) @executable_path/Frameworks @loader_path/Frameworks";
				PRODUCT_BUNDLE_IDENTIFIER = com.ronansparks.TeslaTests;
				PRODUCT_NAME = "$(TARGET_NAME)";
				SWIFT_VERSION = 4.0;
				TARGETED_DEVICE_FAMILY = "1,2";
				TEST_HOST = "$(BUILT_PRODUCTS_DIR)/Tesla.app/Tesla";
			};
			name = Release;
		};
		34FBC76720E2424500935AE5 /* Debug */ = {
			isa = XCBuildConfiguration;
			baseConfigurationReference = 355BB1FF58B9212818C4BA9A /* Pods-TeslaUITests.debug.xcconfig */;
			buildSettings = {
				ALWAYS_EMBED_SWIFT_STANDARD_LIBRARIES = YES;
				CODE_SIGN_STYLE = Automatic;
				DEVELOPMENT_TEAM = 6SB824SJ7Y;
				INFOPLIST_FILE = TeslaUITests/Info.plist;
				LD_RUNPATH_SEARCH_PATHS = "$(inherited) @executable_path/Frameworks @loader_path/Frameworks";
				PRODUCT_BUNDLE_IDENTIFIER = com.ronansparks.TeslaUITests;
				PRODUCT_NAME = "$(TARGET_NAME)";
				SWIFT_VERSION = 4.0;
				TARGETED_DEVICE_FAMILY = "1,2";
				TEST_TARGET_NAME = Tesla;
			};
			name = Debug;
		};
		34FBC76820E2424500935AE5 /* Release */ = {
			isa = XCBuildConfiguration;
			baseConfigurationReference = 94AB0519166DDE5EF07FE43C /* Pods-TeslaUITests.release.xcconfig */;
			buildSettings = {
				ALWAYS_EMBED_SWIFT_STANDARD_LIBRARIES = YES;
				CODE_SIGN_STYLE = Automatic;
				DEVELOPMENT_TEAM = 6SB824SJ7Y;
				INFOPLIST_FILE = TeslaUITests/Info.plist;
				LD_RUNPATH_SEARCH_PATHS = "$(inherited) @executable_path/Frameworks @loader_path/Frameworks";
				PRODUCT_BUNDLE_IDENTIFIER = com.ronansparks.TeslaUITests;
				PRODUCT_NAME = "$(TARGET_NAME)";
				SWIFT_VERSION = 4.0;
				TARGETED_DEVICE_FAMILY = "1,2";
				TEST_TARGET_NAME = Tesla;
			};
			name = Release;
		};
/* End XCBuildConfiguration section */

/* Begin XCConfigurationList section */
		34FBC73320E2424300935AE5 /* Build configuration list for PBXProject "Tesla" */ = {
			isa = XCConfigurationList;
			buildConfigurations = (
				34FBC75E20E2424500935AE5 /* Debug */,
				34FBC75F20E2424500935AE5 /* Release */,
			);
			defaultConfigurationIsVisible = 0;
			defaultConfigurationName = Release;
		};
		34FBC76020E2424500935AE5 /* Build configuration list for PBXNativeTarget "Tesla" */ = {
			isa = XCConfigurationList;
			buildConfigurations = (
				34FBC76120E2424500935AE5 /* Debug */,
				34FBC76220E2424500935AE5 /* Release */,
			);
			defaultConfigurationIsVisible = 0;
			defaultConfigurationName = Release;
		};
		34FBC76320E2424500935AE5 /* Build configuration list for PBXNativeTarget "TeslaTests" */ = {
			isa = XCConfigurationList;
			buildConfigurations = (
				34FBC76420E2424500935AE5 /* Debug */,
				34FBC76520E2424500935AE5 /* Release */,
			);
			defaultConfigurationIsVisible = 0;
			defaultConfigurationName = Release;
		};
		34FBC76620E2424500935AE5 /* Build configuration list for PBXNativeTarget "TeslaUITests" */ = {
			isa = XCConfigurationList;
			buildConfigurations = (
				34FBC76720E2424500935AE5 /* Debug */,
				34FBC76820E2424500935AE5 /* Release */,
			);
			defaultConfigurationIsVisible = 0;
			defaultConfigurationName = Release;
		};
/* End XCConfigurationList section */
	};
	rootObject = 34FBC73020E2424300935AE5 /* Project object */;
}
